// !$*UTF8*$!
{
	archiveVersion = 1;
	classes = {
	};
	objectVersion = 56;
	objects = {

/* Begin PBXBuildFile section */
		418631D6297FCCF2008FF66A /* item.swift in Sources */ = {isa = PBXBuildFile; fileRef = 418631D5297FCCF2008FF66A /* item.swift */; };
		418631D8297FCFF7008FF66A /* itemType.swift in Sources */ = {isa = PBXBuildFile; fileRef = 418631D7297FCFF7008FF66A /* itemType.swift */; };
		418631DA29803727008FF66A /* protocol.swift in Sources */ = {isa = PBXBuildFile; fileRef = 418631D929803727008FF66A /* protocol.swift */; };
		419B875A297ED40000BAA760 /* main.swift in Sources */ = {isa = PBXBuildFile; fileRef = 419B8759297ED40000BAA760 /* main.swift */; };
		41FAE09E2981409100531C03 /* raw.swift in Sources */ = {isa = PBXBuildFile; fileRef = 41FAE09D2981409100531C03 /* raw.swift */; };
		41FAE0A0298140A400531C03 /* manufactured.swift in Sources */ = {isa = PBXBuildFile; fileRef = 41FAE09F298140A400531C03 /* manufactured.swift */; };
		41FAE0A2298140AE00531C03 /* imported.swift in Sources */ = {isa = PBXBuildFile; fileRef = 41FAE0A1298140AE00531C03 /* imported.swift */; };
/* End PBXBuildFile section */

/* Begin PBXCopyFilesBuildPhase section */
		419B8754297ED40000BAA760 /* CopyFiles */ = {
			isa = PBXCopyFilesBuildPhase;
			buildActionMask = 2147483647;
			dstPath = /usr/share/man/man1/;
			dstSubfolderSpec = 0;
			files = (
			);
			runOnlyForDeploymentPostprocessing = 1;
		};
/* End PBXCopyFilesBuildPhase section */

/* Begin PBXFileReference section */
		418631D5297FCCF2008FF66A /* item.swift */ = {isa = PBXFileReference; lastKnownFileType = sourcecode.swift; path = item.swift; sourceTree = "<group>"; };
		418631D7297FCFF7008FF66A /* itemType.swift */ = {isa = PBXFileReference; lastKnownFileType = sourcecode.swift; path = itemType.swift; sourceTree = "<group>"; };
		418631D929803727008FF66A /* protocol.swift */ = {isa = PBXFileReference; lastKnownFileType = sourcecode.swift; path = protocol.swift; sourceTree = "<group>"; };
		419B8756297ED40000BAA760 /* problem1 */ = {isa = PBXFileReference; explicitFileType = "compiled.mach-o.executable"; includeInIndex = 0; path = problem1; sourceTree = BUILT_PRODUCTS_DIR; };
		419B8759297ED40000BAA760 /* main.swift */ = {isa = PBXFileReference; lastKnownFileType = sourcecode.swift; path = main.swift; sourceTree = "<group>"; };
		41FAE09D2981409100531C03 /* raw.swift */ = {isa = PBXFileReference; lastKnownFileType = sourcecode.swift; path = raw.swift; sourceTree = "<group>"; };
		41FAE09F298140A400531C03 /* manufactured.swift */ = {isa = PBXFileReference; fileEncoding = 4; lastKnownFileType = sourcecode.swift; path = manufactured.swift; sourceTree = "<group>"; };
		41FAE0A1298140AE00531C03 /* imported.swift */ = {isa = PBXFileReference; fileEncoding = 4; lastKnownFileType = sourcecode.swift; path = imported.swift; sourceTree = "<group>"; };
/* End PBXFileReference section */

/* Begin PBXFrameworksBuildPhase section */
		419B8753297ED40000BAA760 /* Frameworks */ = {
			isa = PBXFrameworksBuildPhase;
			buildActionMask = 2147483647;
			files = (
			);
			runOnlyForDeploymentPostprocessing = 0;
		};
/* End PBXFrameworksBuildPhase section */

/* Begin PBXGroup section */
		419B874D297ED40000BAA760 = {
			isa = PBXGroup;
			children = (
				419B8758297ED40000BAA760 /* problem1 */,
				419B8757297ED40000BAA760 /* Products */,
			);
			sourceTree = "<group>";
		};
		419B8757297ED40000BAA760 /* Products */ = {
			isa = PBXGroup;
			children = (
				419B8756297ED40000BAA760 /* problem1 */,
			);
			name = Products;
			sourceTree = "<group>";
		};
		419B8758297ED40000BAA760 /* problem1 */ = {
			isa = PBXGroup;
			children = (
				419B8759297ED40000BAA760 /* main.swift */,
				418631D5297FCCF2008FF66A /* item.swift */,
				41FAE09D2981409100531C03 /* raw.swift */,
				41FAE09F298140A400531C03 /* manufactured.swift */,
				41FAE0A1298140AE00531C03 /* imported.swift */,
				418631D929803727008FF66A /* protocol.swift */,
				418631D7297FCFF7008FF66A /* itemType.swift */,
			);
			path = problem1;
			sourceTree = "<group>";
		};
/* End PBXGroup section */

/* Begin PBXNativeTarget section */
		419B8755297ED40000BAA760 /* problem1 */ = {
			isa = PBXNativeTarget;
			buildConfigurationList = 419B875D297ED40000BAA760 /* Build configuration list for PBXNativeTarget "problem1" */;
			buildPhases = (
				419B8752297ED40000BAA760 /* Sources */,
				419B8753297ED40000BAA760 /* Frameworks */,
				419B8754297ED40000BAA760 /* CopyFiles */,
			);
			buildRules = (
			);
			dependencies = (
			);
			name = problem1;
			productName = problem1;
			productReference = 419B8756297ED40000BAA760 /* problem1 */;
			productType = "com.apple.product-type.tool";
		};
/* End PBXNativeTarget section */

/* Begin PBXProject section */
		419B874E297ED40000BAA760 /* Project object */ = {
			isa = PBXProject;
			attributes = {
				BuildIndependentTargetsInParallel = 1;
				LastSwiftUpdateCheck = 1420;
				LastUpgradeCheck = 1420;
				TargetAttributes = {
					419B8755297ED40000BAA760 = {
						CreatedOnToolsVersion = 14.2;
					};
				};
			};
			buildConfigurationList = 419B8751297ED40000BAA760 /* Build configuration list for PBXProject "problem1" */;
			compatibilityVersion = "Xcode 14.0";
			developmentRegion = en;
			hasScannedForEncodings = 0;
			knownRegions = (
				en,
				Base,
			);
			mainGroup = 419B874D297ED40000BAA760;
			productRefGroup = 419B8757297ED40000BAA760 /* Products */;
			projectDirPath = "";
			projectRoot = "";
			targets = (
				419B8755297ED40000BAA760 /* problem1 */,
			);
		};
/* End PBXProject section */

/* Begin PBXSourcesBuildPhase section */
		419B8752297ED40000BAA760 /* Sources */ = {
			isa = PBXSourcesBuildPhase;
			buildActionMask = 2147483647;
			files = (
				41FAE0A0298140A400531C03 /* manufactured.swift in Sources */,
				418631D6297FCCF2008FF66A /* item.swift in Sources */,
				418631D8297FCFF7008FF66A /* itemType.swift in Sources */,
				41FAE09E2981409100531C03 /* raw.swift in Sources */,
				419B875A297ED40000BAA760 /* main.swift in Sources */,
				41FAE0A2298140AE00531C03 /* imported.swift in Sources */,
				418631DA29803727008FF66A /* protocol.swift in Sources */,
			);
			runOnlyForDeploymentPostprocessing = 0;
		};
/* End PBXSourcesBuildPhase section */

/* Begin XCBuildConfiguration section */
		419B875B297ED40000BAA760 /* Debug */ = {
			isa = XCBuildConfiguration;
			buildSettings = {
				ALWAYS_SEARCH_USER_PATHS = NO;
				CLANG_ANALYZER_NONNULL = YES;
				CLANG_ANALYZER_NUMBER_OBJECT_CONVERSION = YES_AGGRESSIVE;
				CLANG_CXX_LANGUAGE_STANDARD = "gnu++20";
				CLANG_ENABLE_MODULES = YES;
				CLANG_ENABLE_OBJC_ARC = YES;
				CLANG_ENABLE_OBJC_WEAK = YES;
				CLANG_WARN_BLOCK_CAPTURE_AUTORELEASING = YES;
				CLANG_WARN_BOOL_CONVERSION = YES;
				CLANG_WARN_COMMA = YES;
				CLANG_WARN_CONSTANT_CONVERSION = YES;
				CLANG_WARN_DEPRECATED_OBJC_IMPLEMENTATIONS = YES;
				CLANG_WARN_DIRECT_OBJC_ISA_USAGE = YES_ERROR;
				CLANG_WARN_DOCUMENTATION_COMMENTS = YES;
				CLANG_WARN_EMPTY_BODY = YES;
				CLANG_WARN_ENUM_CONVERSION = YES;
				CLANG_WARN_INFINITE_RECURSION = YES;
				CLANG_WARN_INT_CONVERSION = YES;
				CLANG_WARN_NON_LITERAL_NULL_CONVERSION = YES;
				CLANG_WARN_OBJC_IMPLICIT_RETAIN_SELF = YES;
				CLANG_WARN_OBJC_LITERAL_CONVERSION = YES;
				CLANG_WARN_OBJC_ROOT_CLASS = YES_ERROR;
				CLANG_WARN_QUOTED_INCLUDE_IN_FRAMEWORK_HEADER = YES;
				CLANG_WARN_RANGE_LOOP_ANALYSIS = YES;
				CLANG_WARN_STRICT_PROTOTYPES = YES;
				CLANG_WARN_SUSPICIOUS_MOVE = YES;
				CLANG_WARN_UNGUARDED_AVAILABILITY = YES_AGGRESSIVE;
				CLANG_WARN_UNREACHABLE_CODE = YES;
				CLANG_WARN__DUPLICATE_METHOD_MATCH = YES;
				COPY_PHASE_STRIP = NO;
				DEBUG_INFORMATION_FORMAT = dwarf;
				ENABLE_STRICT_OBJC_MSGSEND = YES;
				ENABLE_TESTABILITY = YES;
				GCC_C_LANGUAGE_STANDARD = gnu11;
				GCC_DYNAMIC_NO_PIC = NO;
				GCC_NO_COMMON_BLOCKS = YES;
				GCC_OPTIMIZATION_LEVEL = 0;
				GCC_PREPROCESSOR_DEFINITIONS = (
					"DEBUG=1",
					"$(inherited)",
				);
				GCC_WARN_64_TO_32_BIT_CONVERSION = YES;
				GCC_WARN_ABOUT_RETURN_TYPE = YES_ERROR;
				GCC_WARN_UNDECLARED_SELECTOR = YES;
				GCC_WARN_UNINITIALIZED_AUTOS = YES_AGGRESSIVE;
				GCC_WARN_UNUSED_FUNCTION = YES;
				GCC_WARN_UNUSED_VARIABLE = YES;
				MACOSX_DEPLOYMENT_TARGET = 13.1;
				MTL_ENABLE_DEBUG_INFO = INCLUDE_SOURCE;
				MTL_FAST_MATH = YES;
				ONLY_ACTIVE_ARCH = YES;
				SDKROOT = macosx;
				SWIFT_ACTIVE_COMPILATION_CONDITIONS = DEBUG;
				SWIFT_OPTIMIZATION_LEVEL = "-Onone";
			};
			name = Debug;
		};
		419B875C297ED40000BAA760 /* Release */ = {
			isa = XCBuildConfiguration;
			buildSettings = {
				ALWAYS_SEARCH_USER_PATHS = NO;
				CLANG_ANALYZER_NONNULL = YES;
				CLANG_ANALYZER_NUMBER_OBJECT_CONVERSION = YES_AGGRESSIVE;
				CLANG_CXX_LANGUAGE_STANDARD = "gnu++20";
				CLANG_ENABLE_MODULES = YES;
				CLANG_ENABLE_OBJC_ARC = YES;
				CLANG_ENABLE_OBJC_WEAK = YES;
				CLANG_WARN_BLOCK_CAPTURE_AUTORELEASING = YES;
				CLANG_WARN_BOOL_CONVERSION = YES;
				CLANG_WARN_COMMA = YES;
				CLANG_WARN_CONSTANT_CONVERSION = YES;
				CLANG_WARN_DEPRECATED_OBJC_IMPLEMENTATIONS = YES;
				CLANG_WARN_DIRECT_OBJC_ISA_USAGE = YES_ERROR;
				CLANG_WARN_DOCUMENTATION_COMMENTS = YES;
				CLANG_WARN_EMPTY_BODY = YES;
				CLANG_WARN_ENUM_CONVERSION = YES;
				CLANG_WARN_INFINITE_RECURSION = YES;
				CLANG_WARN_INT_CONVERSION = YES;
				CLANG_WARN_NON_LITERAL_NULL_CONVERSION = YES;
				CLANG_WARN_OBJC_IMPLICIT_RETAIN_SELF = YES;
				CLANG_WARN_OBJC_LITERAL_CONVERSION = YES;
				CLANG_WARN_OBJC_ROOT_CLASS = YES_ERROR;
				CLANG_WARN_QUOTED_INCLUDE_IN_FRAMEWORK_HEADER = YES;
				CLANG_WARN_RANGE_LOOP_ANALYSIS = YES;
				CLANG_WARN_STRICT_PROTOTYPES = YES;
				CLANG_WARN_SUSPICIOUS_MOVE = YES;
				CLANG_WARN_UNGUARDED_AVAILABILITY = YES_AGGRESSIVE;
				CLANG_WARN_UNREACHABLE_CODE = YES;
				CLANG_WARN__DUPLICATE_METHOD_MATCH = YES;
				COPY_PHASE_STRIP = NO;
				DEBUG_INFORMATION_FORMAT = "dwarf-with-dsym";
				ENABLE_NS_ASSERTIONS = NO;
				ENABLE_STRICT_OBJC_MSGSEND = YES;
				GCC_C_LANGUAGE_STANDARD = gnu11;
				GCC_NO_COMMON_BLOCKS = YES;
				GCC_WARN_64_TO_32_BIT_CONVERSION = YES;
				GCC_WARN_ABOUT_RETURN_TYPE = YES_ERROR;
				GCC_WARN_UNDECLARED_SELECTOR = YES;
				GCC_WARN_UNINITIALIZED_AUTOS = YES_AGGRESSIVE;
				GCC_WARN_UNUSED_FUNCTION = YES;
				GCC_WARN_UNUSED_VARIABLE = YES;
				MACOSX_DEPLOYMENT_TARGET = 13.1;
				MTL_ENABLE_DEBUG_INFO = NO;
				MTL_FAST_MATH = YES;
				SDKROOT = macosx;
				SWIFT_COMPILATION_MODE = wholemodule;
				SWIFT_OPTIMIZATION_LEVEL = "-O";
			};
			name = Release;
		};
		419B875E297ED40000BAA760 /* Debug */ = {
			isa = XCBuildConfiguration;
			buildSettings = {
				CODE_SIGN_STYLE = Automatic;
				PRODUCT_NAME = "$(TARGET_NAME)";
				SWIFT_VERSION = 5.0;
			};
			name = Debug;
		};
		419B875F297ED40000BAA760 /* Release */ = {
			isa = XCBuildConfiguration;
			buildSettings = {
				CODE_SIGN_STYLE = Automatic;
				PRODUCT_NAME = "$(TARGET_NAME)";
				SWIFT_VERSION = 5.0;
			};
			name = Release;
		};
/* End XCBuildConfiguration section */

/* Begin XCConfigurationList section */
		419B8751297ED40000BAA760 /* Build configuration list for PBXProject "problem1" */ = {
			isa = XCConfigurationList;
			buildConfigurations = (
				419B875B297ED40000BAA760 /* Debug */,
				419B875C297ED40000BAA760 /* Release */,
			);
			defaultConfigurationIsVisible = 0;
			defaultConfigurationName = Release;
		};
		419B875D297ED40000BAA760 /* Build configuration list for PBXNativeTarget "problem1" */ = {
			isa = XCConfigurationList;
			buildConfigurations = (
				419B875E297ED40000BAA760 /* Debug */,
				419B875F297ED40000BAA760 /* Release */,
			);
			defaultConfigurationIsVisible = 0;
			defaultConfigurationName = Release;
		};
/* End XCConfigurationList section */
	};
	rootObject = 419B874E297ED40000BAA760 /* Project object */;
}
